
Microsoft Visual Studio Solution File, Format Version 12.00
Project("{FAE04EC0-301F-11D3-BF4B-00C04F79EFBC}") = "EventShop.Function", "src\EventShop.Function\EventShop.Function.csproj", "{CDE722CD-2ED3-40AE-A915-3810C49D98F2}"
EndProject
Project("{FAE04EC0-301F-11D3-BF4B-00C04F79EFBC}") = "EventShop.Application", "src\EventShop.Application\EventShop.Application.csproj", "{B7D4B344-4ACE-4B7D-BBDA-A91146B0E163}"
EndProject
Project("{FAE04EC0-301F-11D3-BF4B-00C04F79EFBC}") = "EventShop.Domain", "src\EventShop.Domain\EventShop.Domain.csproj", "{8508ACB7-78FD-4F23-8416-7B45C1054F5D}"
EndProject
Project("{FAE04EC0-301F-11D3-BF4B-00C04F79EFBC}") = "EventShop.Infrastructure", "src\EventShop.Infrastructure\EventShop.Infrastructure.csproj", "{54D31D76-E389-4B08-B900-7DEAB8FE5F65}"
EndProject
Project("{FAE04EC0-301F-11D3-BF4B-00C04F79EFBC}") = "EventShop.Web", "src\EventShop.Web\EventShop.Web.csproj", "{F5A18B28-B706-414D-AF58-4F87EBA8101C}"
EndProject
Project("{2150E333-8FDC-42A3-9474-1A3956D46DE8}") = "src", "src", "{5BAA6B3D-A94B-4A9E-A697-53C4AC5F9A39}"
EndProject
Project("{2150E333-8FDC-42A3-9474-1A3956D46DE8}") = "tests", "tests", "{ECCCE085-484E-4410-9435-C89606E29994}"
EndProject
Project("{FAE04EC0-301F-11D3-BF4B-00C04F79EFBC}") = "EventShop.Tests.Component", "tests\EventShop.Tests.Component\EventShop.Tests.Component.csproj", "{70769C4A-8B0B-4889-88C7-E6C22C7C07A5}"
EndProject
Global
	GlobalSection(SolutionConfigurationPlatforms) = preSolution
		Debug|Any CPU = Debug|Any CPU
		Release|Any CPU = Release|Any CPU
	EndGlobalSection
	GlobalSection(ProjectConfigurationPlatforms) = postSolution
		{CDE722CD-2ED3-40AE-A915-3810C49D98F2}.Debug|Any CPU.ActiveCfg = Debug|Any CPU
		{CDE722CD-2ED3-40AE-A915-3810C49D98F2}.Debug|Any CPU.Build.0 = Debug|Any CPU
		{CDE722CD-2ED3-40AE-A915-3810C49D98F2}.Release|Any CPU.ActiveCfg = Release|Any CPU
		{CDE722CD-2ED3-40AE-A915-3810C49D98F2}.Release|Any CPU.Build.0 = Release|Any CPU
		{B7D4B344-4ACE-4B7D-BBDA-A91146B0E163}.Debug|Any CPU.ActiveCfg = Debug|Any CPU
		{B7D4B344-4ACE-4B7D-BBDA-A91146B0E163}.Debug|Any CPU.Build.0 = Debug|Any CPU
		{B7D4B344-4ACE-4B7D-BBDA-A91146B0E163}.Release|Any CPU.ActiveCfg = Release|Any CPU
		{B7D4B344-4ACE-4B7D-BBDA-A91146B0E163}.Release|Any CPU.Build.0 = Release|Any CPU
		{8508ACB7-78FD-4F23-8416-7B45C1054F5D}.Debug|Any CPU.ActiveCfg = Debug|Any CPU
		{8508ACB7-78FD-4F23-8416-7B45C1054F5D}.Debug|Any CPU.Build.0 = Debug|Any CPU
		{8508ACB7-78FD-4F23-8416-7B45C1054F5D}.Release|Any CPU.ActiveCfg = Release|Any CPU
		{8508ACB7-78FD-4F23-8416-7B45C1054F5D}.Release|Any CPU.Build.0 = Release|Any CPU
		{54D31D76-E389-4B08-B900-7DEAB8FE5F65}.Debug|Any CPU.ActiveCfg = Debug|Any CPU
		{54D31D76-E389-4B08-B900-7DEAB8FE5F65}.Debug|Any CPU.Build.0 = Debug|Any CPU
		{54D31D76-E389-4B08-B900-7DEAB8FE5F65}.Release|Any CPU.ActiveCfg = Release|Any CPU
		{54D31D76-E389-4B08-B900-7DEAB8FE5F65}.Release|Any CPU.Build.0 = Release|Any CPU
		{F5A18B28-B706-414D-AF58-4F87EBA8101C}.Debug|Any CPU.ActiveCfg = Debug|Any CPU
		{F5A18B28-B706-414D-AF58-4F87EBA8101C}.Debug|Any CPU.Build.0 = Debug|Any CPU
		{F5A18B28-B706-414D-AF58-4F87EBA8101C}.Release|Any CPU.ActiveCfg = Release|Any CPU
		{F5A18B28-B706-414D-AF58-4F87EBA8101C}.Release|Any CPU.Build.0 = Release|Any CPU
		{70769C4A-8B0B-4889-88C7-E6C22C7C07A5}.Debug|Any CPU.ActiveCfg = Debug|Any CPU
		{70769C4A-8B0B-4889-88C7-E6C22C7C07A5}.Debug|Any CPU.Build.0 = Debug|Any CPU
		{70769C4A-8B0B-4889-88C7-E6C22C7C07A5}.Release|Any CPU.ActiveCfg = Release|Any CPU
		{70769C4A-8B0B-4889-88C7-E6C22C7C07A5}.Release|Any CPU.Build.0 = Release|Any CPU
	EndGlobalSection
	GlobalSection(NestedProjects) = preSolution
		{B7D4B344-4ACE-4B7D-BBDA-A91146B0E163} = {5BAA6B3D-A94B-4A9E-A697-53C4AC5F9A39}
		{8508ACB7-78FD-4F23-8416-7B45C1054F5D} = {5BAA6B3D-A94B-4A9E-A697-53C4AC5F9A39}
		{CDE722CD-2ED3-40AE-A915-3810C49D98F2} = {5BAA6B3D-A94B-4A9E-A697-53C4AC5F9A39}
		{54D31D76-E389-4B08-B900-7DEAB8FE5F65} = {5BAA6B3D-A94B-4A9E-A697-53C4AC5F9A39}
		{F5A18B28-B706-414D-AF58-4F87EBA8101C} = {5BAA6B3D-A94B-4A9E-A697-53C4AC5F9A39}
		{70769C4A-8B0B-4889-88C7-E6C22C7C07A5} = {ECCCE085-484E-4410-9435-C89606E29994}
	EndGlobalSection
EndGlobal
